
Microsoft Visual Studio Solution File, Format Version 12.00
# Visual Studio Version 16
VisualStudioVersion = 16.0.29509.3
MinimumVisualStudioVersion = 10.0.40219.1
Project("{8BC9CEB8-8B4A-11D0-8D11-00A0C91BC942}") = "LPLab12", "LPLab12\LPLab12.vcxproj", "{115D046C-527B-4611-94BA-96672BCC7584}"
EndProject
Global
	GlobalSection(SolutionConfigurationPlatforms) = preSolution
		Debug|x64 = Debug|x64
		Debug|x86 = Debug|x86
		Release|x64 = Release|x64
		Release|x86 = Release|x86
	EndGlobalSection
	GlobalSection(ProjectConfigurationPlatforms) = postSolution
		{115D046C-527B-4611-94BA-96672BCC7584}.Debug|x64.ActiveCfg = Debug|x64
		{115D046C-527B-4611-94BA-96672BCC7584}.Debug|x64.Build.0 = Debug|x64
		{115D046C-527B-4611-94BA-96672BCC7584}.Debug|x86.ActiveCfg = Debug|Win32
		{115D046C-527B-4611-94BA-96672BCC7584}.Debug|x86.Build.0 = Debug|Win32
		{115D046C-527B-4611-94BA-96672BCC7584}.Release|x64.ActiveCfg = Release|x64
		{115D046C-527B-4611-94BA-96672BCC7584}.Release|x64.Build.0 = Release|x64
		{115D046C-527B-4611-94BA-96672BCC7584}.Release|x86.ActiveCfg = Release|Win32
		{115D046C-527B-4611-94BA-96672BCC7584}.Release|x86.Build.0 = Release|Win32
	EndGlobalSection
	GlobalSection(SolutionProperties) = preSolution
		HideSolutionNode = FALSE
	EndGlobalSection
	GlobalSection(ExtensibilityGlobals) = postSolution
		SolutionGuid = {5F328D78-8B1F-429A-8B88-82ACEE1DECF6}
	EndGlobalSection
EndGlobal
