
Microsoft Visual Studio Solution File, Format Version 12.00
# Visual Studio Version 16
VisualStudioVersion = 16.0.29509.3
MinimumVisualStudioVersion = 10.0.40219.1
Project("{8BC9CEB8-8B4A-11D0-8D11-00A0C91BC942}") = "LP_Lab04", "LP_Lab04.vcxproj", "{A1BDE758-F310-4147-B200-3D189BA880BD}"
EndProject
Global
	GlobalSection(SolutionConfigurationPlatforms) = preSolution
		Debug|x64 = Debug|x64
		Debug|x86 = Debug|x86
		Release|x64 = Release|x64
		Release|x86 = Release|x86
	EndGlobalSection
	GlobalSection(ProjectConfigurationPlatforms) = postSolution
		{A1BDE758-F310-4147-B200-3D189BA880BD}.Debug|x64.ActiveCfg = Debug|x64
		{A1BDE758-F310-4147-B200-3D189BA880BD}.Debug|x64.Build.0 = Debug|x64
		{A1BDE758-F310-4147-B200-3D189BA880BD}.Debug|x86.ActiveCfg = Debug|Win32
		{A1BDE758-F310-4147-B200-3D189BA880BD}.Debug|x86.Build.0 = Debug|Win32
		{A1BDE758-F310-4147-B200-3D189BA880BD}.Release|x64.ActiveCfg = Release|x64
		{A1BDE758-F310-4147-B200-3D189BA880BD}.Release|x64.Build.0 = Release|x64
		{A1BDE758-F310-4147-B200-3D189BA880BD}.Release|x86.ActiveCfg = Release|Win32
		{A1BDE758-F310-4147-B200-3D189BA880BD}.Release|x86.Build.0 = Release|Win32
	EndGlobalSection
	GlobalSection(SolutionProperties) = preSolution
		HideSolutionNode = FALSE
	EndGlobalSection
	GlobalSection(ExtensibilityGlobals) = postSolution
		SolutionGuid = {CE148990-5551-4C02-B939-67F89CEDEC3B}
	EndGlobalSection
EndGlobal
